
Microsoft Visual Studio Solution File, Format Version 12.00
# Visual Studio Version 16
VisualStudioVersion = 16.0.30011.22
MinimumVisualStudioVersion = 10.0.40219.1
Project("{9A19103F-16F7-4668-BE54-9A1E7A4F7556}") = "Test.Base", "test\Test.Base\Test.Base.csproj", "{9F966C7F-4A4C-4CAE-9D17-B6FB0E4DB966}"
EndProject
Project("{9A19103F-16F7-4668-BE54-9A1E7A4F7556}") = "Benchmark.Base", "test\Benchmark.Base\Benchmark.Base.csproj", "{367249BC-ED00-4E87-8441-475670E97020}"
EndProject
Project("{2150E333-8FDC-42A3-9474-1A3956D46DE8}") = "test", "test", "{3A06F815-F11C-4598-B40A-40FB9A4C3D1B}"
EndProject
Project("{2150E333-8FDC-42A3-9474-1A3956D46DE8}") = "assets", "assets", "{2E124B69-A483-40F7-A9F9-CA2616A8C45D}"
	ProjectSection(SolutionItems) = preProject
		assets\images\icon.png = assets\images\icon.png
	EndProjectSection
EndProject
Project("{2150E333-8FDC-42A3-9474-1A3956D46DE8}") = "demo", "demo", "{F157E797-7E25-41F5-BD2D-566BC558FF2E}"
EndProject
Project("{9A19103F-16F7-4668-BE54-9A1E7A4F7556}") = "AcBlog.UI.Components.Core", "src\AcBlog.UI.Components.Core\AcBlog.UI.Components.Core.csproj", "{D1533A33-4BCE-47F6-844C-054F5FF07B59}"
EndProject
Project("{9A19103F-16F7-4668-BE54-9A1E7A4F7556}") = "AcBlog.UI.Components.Loading", "src\AcBlog.UI.Components.Loading\AcBlog.UI.Components.Loading.csproj", "{2BE9E40E-A49A-4EB8-8AAD-FA4EAD2D8380}"
EndProject
Project("{9A19103F-16F7-4668-BE54-9A1E7A4F7556}") = "AcBlog.UI.Components.Markdown", "src\AcBlog.UI.Components.Markdown\AcBlog.UI.Components.Markdown.csproj", "{0E3F0823-5665-4436-8CB0-246690DCCA88}"
EndProject
Project("{9A19103F-16F7-4668-BE54-9A1E7A4F7556}") = "AcBlog.UI.Components.Slides", "src\AcBlog.UI.Components.Slides\AcBlog.UI.Components.Slides.csproj", "{7AD93582-E61F-4D19-BC3B-3BDB651DB3A0}"
EndProject
Project("{9A19103F-16F7-4668-BE54-9A1E7A4F7556}") = "HostBase.Shared", "demo\Shared\HostBase.Shared.csproj", "{A490A8D9-1A85-499C-B13C-564C8B319524}"
EndProject
Project("{9A19103F-16F7-4668-BE54-9A1E7A4F7556}") = "HostBase.Client", "demo\Client\HostBase.Client.csproj", "{5044728A-1D4C-4796-99FF-AF285EC41398}"
EndProject
Project("{9A19103F-16F7-4668-BE54-9A1E7A4F7556}") = "HostBase.Server", "demo\Server\HostBase.Server.csproj", "{2BC082F2-7AB6-4A36-BD84-82A7438A4D59}"
EndProject
Project("{9A19103F-16F7-4668-BE54-9A1E7A4F7556}") = "AcBlog.Extensions.Core", "src\AcBlog.Extensions.Core\AcBlog.Extensions.Core.csproj", "{8BD8C258-BB7F-4831-A469-DD72C81AC88A}"
EndProject
Project("{9A19103F-16F7-4668-BE54-9A1E7A4F7556}") = "AcBlog.UI.Components.AntDesigns", "src\AcBlog.UI.Components.AntDesigns\AcBlog.UI.Components.AntDesigns.csproj", "{A79C7385-C00A-4905-9FBB-E7A99DFFDCE9}"
EndProject
Global
	GlobalSection(SolutionConfigurationPlatforms) = preSolution
		Debug|Any CPU = Debug|Any CPU
		Release|Any CPU = Release|Any CPU
	EndGlobalSection
	GlobalSection(ProjectConfigurationPlatforms) = postSolution
		{9F966C7F-4A4C-4CAE-9D17-B6FB0E4DB966}.Debug|Any CPU.ActiveCfg = Debug|Any CPU
		{9F966C7F-4A4C-4CAE-9D17-B6FB0E4DB966}.Debug|Any CPU.Build.0 = Debug|Any CPU
		{9F966C7F-4A4C-4CAE-9D17-B6FB0E4DB966}.Release|Any CPU.ActiveCfg = Release|Any CPU
		{9F966C7F-4A4C-4CAE-9D17-B6FB0E4DB966}.Release|Any CPU.Build.0 = Release|Any CPU
		{367249BC-ED00-4E87-8441-475670E97020}.Debug|Any CPU.ActiveCfg = Debug|Any CPU
		{367249BC-ED00-4E87-8441-475670E97020}.Debug|Any CPU.Build.0 = Debug|Any CPU
		{367249BC-ED00-4E87-8441-475670E97020}.Release|Any CPU.ActiveCfg = Release|Any CPU
		{367249BC-ED00-4E87-8441-475670E97020}.Release|Any CPU.Build.0 = Release|Any CPU
		{D1533A33-4BCE-47F6-844C-054F5FF07B59}.Debug|Any CPU.ActiveCfg = Debug|Any CPU
		{D1533A33-4BCE-47F6-844C-054F5FF07B59}.Debug|Any CPU.Build.0 = Debug|Any CPU
		{D1533A33-4BCE-47F6-844C-054F5FF07B59}.Release|Any CPU.ActiveCfg = Release|Any CPU
		{D1533A33-4BCE-47F6-844C-054F5FF07B59}.Release|Any CPU.Build.0 = Release|Any CPU
		{2BE9E40E-A49A-4EB8-8AAD-FA4EAD2D8380}.Debug|Any CPU.ActiveCfg = Debug|Any CPU
		{2BE9E40E-A49A-4EB8-8AAD-FA4EAD2D8380}.Debug|Any CPU.Build.0 = Debug|Any CPU
		{2BE9E40E-A49A-4EB8-8AAD-FA4EAD2D8380}.Release|Any CPU.ActiveCfg = Release|Any CPU
		{2BE9E40E-A49A-4EB8-8AAD-FA4EAD2D8380}.Release|Any CPU.Build.0 = Release|Any CPU
		{0E3F0823-5665-4436-8CB0-246690DCCA88}.Debug|Any CPU.ActiveCfg = Debug|Any CPU
		{0E3F0823-5665-4436-8CB0-246690DCCA88}.Debug|Any CPU.Build.0 = Debug|Any CPU
		{0E3F0823-5665-4436-8CB0-246690DCCA88}.Release|Any CPU.ActiveCfg = Release|Any CPU
		{0E3F0823-5665-4436-8CB0-246690DCCA88}.Release|Any CPU.Build.0 = Release|Any CPU
		{7AD93582-E61F-4D19-BC3B-3BDB651DB3A0}.Debug|Any CPU.ActiveCfg = Debug|Any CPU
		{7AD93582-E61F-4D19-BC3B-3BDB651DB3A0}.Debug|Any CPU.Build.0 = Debug|Any CPU
		{7AD93582-E61F-4D19-BC3B-3BDB651DB3A0}.Release|Any CPU.ActiveCfg = Release|Any CPU
		{7AD93582-E61F-4D19-BC3B-3BDB651DB3A0}.Release|Any CPU.Build.0 = Release|Any CPU
		{A490A8D9-1A85-499C-B13C-564C8B319524}.Debug|Any CPU.ActiveCfg = Debug|Any CPU
		{A490A8D9-1A85-499C-B13C-564C8B319524}.Debug|Any CPU.Build.0 = Debug|Any CPU
		{A490A8D9-1A85-499C-B13C-564C8B319524}.Release|Any CPU.ActiveCfg = Release|Any CPU
		{A490A8D9-1A85-499C-B13C-564C8B319524}.Release|Any CPU.Build.0 = Release|Any CPU
		{5044728A-1D4C-4796-99FF-AF285EC41398}.Debug|Any CPU.ActiveCfg = Debug|Any CPU
		{5044728A-1D4C-4796-99FF-AF285EC41398}.Debug|Any CPU.Build.0 = Debug|Any CPU
		{5044728A-1D4C-4796-99FF-AF285EC41398}.Release|Any CPU.ActiveCfg = Release|Any CPU
		{5044728A-1D4C-4796-99FF-AF285EC41398}.Release|Any CPU.Build.0 = Release|Any CPU
		{2BC082F2-7AB6-4A36-BD84-82A7438A4D59}.Debug|Any CPU.ActiveCfg = Debug|Any CPU
		{2BC082F2-7AB6-4A36-BD84-82A7438A4D59}.Debug|Any CPU.Build.0 = Debug|Any CPU
		{2BC082F2-7AB6-4A36-BD84-82A7438A4D59}.Release|Any CPU.ActiveCfg = Release|Any CPU
		{2BC082F2-7AB6-4A36-BD84-82A7438A4D59}.Release|Any CPU.Build.0 = Release|Any CPU
		{8BD8C258-BB7F-4831-A469-DD72C81AC88A}.Debug|Any CPU.ActiveCfg = Debug|Any CPU
		{8BD8C258-BB7F-4831-A469-DD72C81AC88A}.Debug|Any CPU.Build.0 = Debug|Any CPU
		{8BD8C258-BB7F-4831-A469-DD72C81AC88A}.Release|Any CPU.ActiveCfg = Release|Any CPU
		{8BD8C258-BB7F-4831-A469-DD72C81AC88A}.Release|Any CPU.Build.0 = Release|Any CPU
		{A79C7385-C00A-4905-9FBB-E7A99DFFDCE9}.Debug|Any CPU.ActiveCfg = Debug|Any CPU
		{A79C7385-C00A-4905-9FBB-E7A99DFFDCE9}.Debug|Any CPU.Build.0 = Debug|Any CPU
		{A79C7385-C00A-4905-9FBB-E7A99DFFDCE9}.Release|Any CPU.ActiveCfg = Release|Any CPU
		{A79C7385-C00A-4905-9FBB-E7A99DFFDCE9}.Release|Any CPU.Build.0 = Release|Any CPU
	EndGlobalSection
	GlobalSection(SolutionProperties) = preSolution
		HideSolutionNode = FALSE
	EndGlobalSection
	GlobalSection(NestedProjects) = preSolution
		{9F966C7F-4A4C-4CAE-9D17-B6FB0E4DB966} = {3A06F815-F11C-4598-B40A-40FB9A4C3D1B}
		{367249BC-ED00-4E87-8441-475670E97020} = {3A06F815-F11C-4598-B40A-40FB9A4C3D1B}
		{A490A8D9-1A85-499C-B13C-564C8B319524} = {F157E797-7E25-41F5-BD2D-566BC558FF2E}
		{5044728A-1D4C-4796-99FF-AF285EC41398} = {F157E797-7E25-41F5-BD2D-566BC558FF2E}
		{2BC082F2-7AB6-4A36-BD84-82A7438A4D59} = {F157E797-7E25-41F5-BD2D-566BC558FF2E}
	EndGlobalSection
	GlobalSection(ExtensibilityGlobals) = postSolution
		SolutionGuid = {8D3ED303-A748-4CA3-BBDF-017444C890FB}
	EndGlobalSection
EndGlobal
